// !$*UTF8*$!
{
	archiveVersion = 1;
	classes = {
	};
	objectVersion = 56;
	objects = {

/* Begin PBXBuildFile section */
		B53BAA062B48182F0082278E /* TVSeriesOnAirDetailsView .swift in Sources */ = {isa = PBXBuildFile; fileRef = B53BAA052B48182F0082278E /* TVSeriesOnAirDetailsView .swift */; };
		B53BAA092B48188A0082278E /* PopularTVSeriesDetailsView.swift in Sources */ = {isa = PBXBuildFile; fileRef = B53BAA082B48188A0082278E /* PopularTVSeriesDetailsView.swift */; };
		B53BAA0B2B4819920082278E /* AppColorExtension.swift in Sources */ = {isa = PBXBuildFile; fileRef = B53BAA0A2B4819920082278E /* AppColorExtension.swift */; };
		B53BAA0D2B481B790082278E /* PopularMoviesDetailsViewModel.swift in Sources */ = {isa = PBXBuildFile; fileRef = B53BAA0C2B481B790082278E /* PopularMoviesDetailsViewModel.swift */; };
		B53BAA0F2B481B940082278E /* PopularPersonsDetailsViewModel.swift in Sources */ = {isa = PBXBuildFile; fileRef = B53BAA0E2B481B940082278E /* PopularPersonsDetailsViewModel.swift */; };
		B53BAA112B481BA70082278E /* PopularTVSeriesDetailsViewModel.swift in Sources */ = {isa = PBXBuildFile; fileRef = B53BAA102B481BA70082278E /* PopularTVSeriesDetailsViewModel.swift */; };
		B53BAA132B481BB40082278E /* MoviesInCinemaDetailsViewModel.swift in Sources */ = {isa = PBXBuildFile; fileRef = B53BAA122B481BB40082278E /* MoviesInCinemaDetailsViewModel.swift */; };
		B53BAA152B481BC60082278E /* TVSeriesOnAirDetailsViewModel.swift in Sources */ = {isa = PBXBuildFile; fileRef = B53BAA142B481BC60082278E /* TVSeriesOnAirDetailsViewModel.swift */; };
		B53BAA172B4828E30082278E /* ListRowView.swift in Sources */ = {isa = PBXBuildFile; fileRef = B53BAA162B4828E30082278E /* ListRowView.swift */; };
		B58D23882B47FBE300C01136 /* Collaboration_MovieTrackerAppApp.swift in Sources */ = {isa = PBXBuildFile; fileRef = B58D23872B47FBE300C01136 /* Collaboration_MovieTrackerAppApp.swift */; };
		B58D238C2B47FBE600C01136 /* Assets.xcassets in Resources */ = {isa = PBXBuildFile; fileRef = B58D238B2B47FBE600C01136 /* Assets.xcassets */; };
		B58D238F2B47FBE600C01136 /* Preview Assets.xcassets in Resources */ = {isa = PBXBuildFile; fileRef = B58D238E2B47FBE600C01136 /* Preview Assets.xcassets */; };
		B58D23972B47FD3F00C01136 /* GenericNetworkManager in Frameworks */ = {isa = PBXBuildFile; productRef = B58D23962B47FD3F00C01136 /* GenericNetworkManager */; };
		B58D23A02B47FEB600C01136 /* PopularMoviesView.swift in Sources */ = {isa = PBXBuildFile; fileRef = B58D239F2B47FEB600C01136 /* PopularMoviesView.swift */; };
		B58D23A22B47FECE00C01136 /* PopularPersonsView.swift in Sources */ = {isa = PBXBuildFile; fileRef = B58D23A12B47FECE00C01136 /* PopularPersonsView.swift */; };
		B58D23A42B47FEDF00C01136 /* PopularTVSeriesView.swift in Sources */ = {isa = PBXBuildFile; fileRef = B58D23A32B47FEDF00C01136 /* PopularTVSeriesView.swift */; };
		B58D23A62B47FEEE00C01136 /* MoviesInCinemaView.swift in Sources */ = {isa = PBXBuildFile; fileRef = B58D23A52B47FEEE00C01136 /* MoviesInCinemaView.swift */; };
		B58D23A82B47FEFE00C01136 /* TVSeriesOnAirView .swift in Sources */ = {isa = PBXBuildFile; fileRef = B58D23A72B47FEFE00C01136 /* TVSeriesOnAirView .swift */; };
		B58D23AA2B47FFAA00C01136 /* PopularMoviesViewModel.swift in Sources */ = {isa = PBXBuildFile; fileRef = B58D23A92B47FFAA00C01136 /* PopularMoviesViewModel.swift */; };
		B58D23AC2B47FFB600C01136 /* PopularPersonsViewModel.swift in Sources */ = {isa = PBXBuildFile; fileRef = B58D23AB2B47FFB600C01136 /* PopularPersonsViewModel.swift */; };
		B58D23AE2B47FFCB00C01136 /* PopularTVSeriesViewModel.swift in Sources */ = {isa = PBXBuildFile; fileRef = B58D23AD2B47FFCB00C01136 /* PopularTVSeriesViewModel.swift */; };
		B58D23B02B47FFD600C01136 /* MoviesInCinemaViewModel.swift in Sources */ = {isa = PBXBuildFile; fileRef = B58D23AF2B47FFD600C01136 /* MoviesInCinemaViewModel.swift */; };
		B58D23B22B47FFE000C01136 /* TVSeriesOnAirViewModel.swift in Sources */ = {isa = PBXBuildFile; fileRef = B58D23B12B47FFE000C01136 /* TVSeriesOnAirViewModel.swift */; };
		B58D23B92B48005300C01136 /* MovieModel.swift in Sources */ = {isa = PBXBuildFile; fileRef = B58D23B82B48005300C01136 /* MovieModel.swift */; };
		B58D23BB2B48005F00C01136 /* PersonModel.swift in Sources */ = {isa = PBXBuildFile; fileRef = B58D23BA2B48005F00C01136 /* PersonModel.swift */; };
		B58D23BD2B48006E00C01136 /* TVSeriesModel.swift in Sources */ = {isa = PBXBuildFile; fileRef = B58D23BC2B48006E00C01136 /* TVSeriesModel.swift */; };
		B58D23BF2B48007B00C01136 /* MoviesInCinemaModel.swift in Sources */ = {isa = PBXBuildFile; fileRef = B58D23BE2B48007B00C01136 /* MoviesInCinemaModel.swift */; };
		B58D23C12B48009000C01136 /* TVSeriesOnAirModel.swift in Sources */ = {isa = PBXBuildFile; fileRef = B58D23C02B48009000C01136 /* TVSeriesOnAirModel.swift */; };
		B58D23C42B4801C300C01136 /* MovieTrackerTabView.swift in Sources */ = {isa = PBXBuildFile; fileRef = B58D23C32B4801C300C01136 /* MovieTrackerTabView.swift */; };
		B58D23C62B4811CE00C01136 /* PopularMoviesDetailsView.swift in Sources */ = {isa = PBXBuildFile; fileRef = B58D23C52B4811CE00C01136 /* PopularMoviesDetailsView.swift */; };
		B58D23CF2B4813BD00C01136 /* PopularPersonsDetailsView.swift in Sources */ = {isa = PBXBuildFile; fileRef = B58D23CE2B4813BD00C01136 /* PopularPersonsDetailsView.swift */; };
		B58D23D22B4817C200C01136 /* MoviesInCinemaDetailsView.swift in Sources */ = {isa = PBXBuildFile; fileRef = B58D23D12B4817C100C01136 /* MoviesInCinemaDetailsView.swift */; };
/* End PBXBuildFile section */

/* Begin PBXFileReference section */
		B53BAA052B48182F0082278E /* TVSeriesOnAirDetailsView .swift */ = {isa = PBXFileReference; lastKnownFileType = sourcecode.swift; path = "TVSeriesOnAirDetailsView .swift"; sourceTree = "<group>"; };
		B53BAA082B48188A0082278E /* PopularTVSeriesDetailsView.swift */ = {isa = PBXFileReference; lastKnownFileType = sourcecode.swift; path = PopularTVSeriesDetailsView.swift; sourceTree = "<group>"; };
		B53BAA0A2B4819920082278E /* AppColorExtension.swift */ = {isa = PBXFileReference; lastKnownFileType = sourcecode.swift; path = AppColorExtension.swift; sourceTree = "<group>"; };
		B53BAA0C2B481B790082278E /* PopularMoviesDetailsViewModel.swift */ = {isa = PBXFileReference; lastKnownFileType = sourcecode.swift; path = PopularMoviesDetailsViewModel.swift; sourceTree = "<group>"; };
		B53BAA0E2B481B940082278E /* PopularPersonsDetailsViewModel.swift */ = {isa = PBXFileReference; lastKnownFileType = sourcecode.swift; path = PopularPersonsDetailsViewModel.swift; sourceTree = "<group>"; };
		B53BAA102B481BA70082278E /* PopularTVSeriesDetailsViewModel.swift */ = {isa = PBXFileReference; lastKnownFileType = sourcecode.swift; path = PopularTVSeriesDetailsViewModel.swift; sourceTree = "<group>"; };
		B53BAA122B481BB40082278E /* MoviesInCinemaDetailsViewModel.swift */ = {isa = PBXFileReference; lastKnownFileType = sourcecode.swift; path = MoviesInCinemaDetailsViewModel.swift; sourceTree = "<group>"; };
		B53BAA142B481BC60082278E /* TVSeriesOnAirDetailsViewModel.swift */ = {isa = PBXFileReference; lastKnownFileType = sourcecode.swift; path = TVSeriesOnAirDetailsViewModel.swift; sourceTree = "<group>"; };
		B53BAA162B4828E30082278E /* ListRowView.swift */ = {isa = PBXFileReference; lastKnownFileType = sourcecode.swift; path = ListRowView.swift; sourceTree = "<group>"; };
		B58D23842B47FBE300C01136 /* Collaboration_MovieTrackerApp.app */ = {isa = PBXFileReference; explicitFileType = wrapper.application; includeInIndex = 0; path = Collaboration_MovieTrackerApp.app; sourceTree = BUILT_PRODUCTS_DIR; };
		B58D23872B47FBE300C01136 /* Collaboration_MovieTrackerAppApp.swift */ = {isa = PBXFileReference; lastKnownFileType = sourcecode.swift; path = Collaboration_MovieTrackerAppApp.swift; sourceTree = "<group>"; };
		B58D238B2B47FBE600C01136 /* Assets.xcassets */ = {isa = PBXFileReference; lastKnownFileType = folder.assetcatalog; path = Assets.xcassets; sourceTree = "<group>"; };
		B58D238E2B47FBE600C01136 /* Preview Assets.xcassets */ = {isa = PBXFileReference; lastKnownFileType = folder.assetcatalog; path = "Preview Assets.xcassets"; sourceTree = "<group>"; };
		B58D239F2B47FEB600C01136 /* PopularMoviesView.swift */ = {isa = PBXFileReference; lastKnownFileType = sourcecode.swift; path = PopularMoviesView.swift; sourceTree = "<group>"; };
		B58D23A12B47FECE00C01136 /* PopularPersonsView.swift */ = {isa = PBXFileReference; lastKnownFileType = sourcecode.swift; path = PopularPersonsView.swift; sourceTree = "<group>"; };
		B58D23A32B47FEDF00C01136 /* PopularTVSeriesView.swift */ = {isa = PBXFileReference; lastKnownFileType = sourcecode.swift; path = PopularTVSeriesView.swift; sourceTree = "<group>"; };
		B58D23A52B47FEEE00C01136 /* MoviesInCinemaView.swift */ = {isa = PBXFileReference; lastKnownFileType = sourcecode.swift; path = MoviesInCinemaView.swift; sourceTree = "<group>"; };
		B58D23A72B47FEFE00C01136 /* TVSeriesOnAirView .swift */ = {isa = PBXFileReference; lastKnownFileType = sourcecode.swift; path = "TVSeriesOnAirView .swift"; sourceTree = "<group>"; };
		B58D23A92B47FFAA00C01136 /* PopularMoviesViewModel.swift */ = {isa = PBXFileReference; lastKnownFileType = sourcecode.swift; path = PopularMoviesViewModel.swift; sourceTree = "<group>"; };
		B58D23AB2B47FFB600C01136 /* PopularPersonsViewModel.swift */ = {isa = PBXFileReference; lastKnownFileType = sourcecode.swift; path = PopularPersonsViewModel.swift; sourceTree = "<group>"; };
		B58D23AD2B47FFCB00C01136 /* PopularTVSeriesViewModel.swift */ = {isa = PBXFileReference; lastKnownFileType = sourcecode.swift; path = PopularTVSeriesViewModel.swift; sourceTree = "<group>"; };
		B58D23AF2B47FFD600C01136 /* MoviesInCinemaViewModel.swift */ = {isa = PBXFileReference; lastKnownFileType = sourcecode.swift; path = MoviesInCinemaViewModel.swift; sourceTree = "<group>"; };
		B58D23B12B47FFE000C01136 /* TVSeriesOnAirViewModel.swift */ = {isa = PBXFileReference; lastKnownFileType = sourcecode.swift; path = TVSeriesOnAirViewModel.swift; sourceTree = "<group>"; };
		B58D23B82B48005300C01136 /* MovieModel.swift */ = {isa = PBXFileReference; lastKnownFileType = sourcecode.swift; path = MovieModel.swift; sourceTree = "<group>"; };
		B58D23BA2B48005F00C01136 /* PersonModel.swift */ = {isa = PBXFileReference; lastKnownFileType = sourcecode.swift; path = PersonModel.swift; sourceTree = "<group>"; };
		B58D23BC2B48006E00C01136 /* TVSeriesModel.swift */ = {isa = PBXFileReference; lastKnownFileType = sourcecode.swift; path = TVSeriesModel.swift; sourceTree = "<group>"; };
		B58D23BE2B48007B00C01136 /* MoviesInCinemaModel.swift */ = {isa = PBXFileReference; lastKnownFileType = sourcecode.swift; path = MoviesInCinemaModel.swift; sourceTree = "<group>"; };
		B58D23C02B48009000C01136 /* TVSeriesOnAirModel.swift */ = {isa = PBXFileReference; lastKnownFileType = sourcecode.swift; path = TVSeriesOnAirModel.swift; sourceTree = "<group>"; };
		B58D23C32B4801C300C01136 /* MovieTrackerTabView.swift */ = {isa = PBXFileReference; lastKnownFileType = sourcecode.swift; path = MovieTrackerTabView.swift; sourceTree = "<group>"; };
		B58D23C52B4811CE00C01136 /* PopularMoviesDetailsView.swift */ = {isa = PBXFileReference; lastKnownFileType = sourcecode.swift; path = PopularMoviesDetailsView.swift; sourceTree = "<group>"; };
		B58D23CE2B4813BD00C01136 /* PopularPersonsDetailsView.swift */ = {isa = PBXFileReference; lastKnownFileType = sourcecode.swift; path = PopularPersonsDetailsView.swift; sourceTree = "<group>"; };
		B58D23D12B4817C100C01136 /* MoviesInCinemaDetailsView.swift */ = {isa = PBXFileReference; lastKnownFileType = sourcecode.swift; path = MoviesInCinemaDetailsView.swift; sourceTree = "<group>"; };
/* End PBXFileReference section */

/* Begin PBXFrameworksBuildPhase section */
		B58D23812B47FBE300C01136 /* Frameworks */ = {
			isa = PBXFrameworksBuildPhase;
			buildActionMask = 2147483647;
			files = (
				B58D23972B47FD3F00C01136 /* GenericNetworkManager in Frameworks */,
			);
			runOnlyForDeploymentPostprocessing = 0;
		};
/* End PBXFrameworksBuildPhase section */

/* Begin PBXGroup section */
		B53BAA072B4818750082278E /* DetailsView */ = {
			isa = PBXGroup;
			children = (
				B53BAA082B48188A0082278E /* PopularTVSeriesDetailsView.swift */,
				B53BAA102B481BA70082278E /* PopularTVSeriesDetailsViewModel.swift */,
			);
			path = DetailsView;
			sourceTree = "<group>";
		};
		B58D237B2B47FBE300C01136 = {
			isa = PBXGroup;
			children = (
				B58D23862B47FBE300C01136 /* Collaboration_MovieTrackerApp */,
				B58D23852B47FBE300C01136 /* Products */,
			);
			sourceTree = "<group>";
		};
		B58D23852B47FBE300C01136 /* Products */ = {
			isa = PBXGroup;
			children = (
				B58D23842B47FBE300C01136 /* Collaboration_MovieTrackerApp.app */,
			);
			name = Products;
			sourceTree = "<group>";
		};
		B58D23862B47FBE300C01136 /* Collaboration_MovieTrackerApp */ = {
			isa = PBXGroup;
			children = (
				B58D23992B47FD8C00C01136 /* App */,
				B58D239B2B47FDC100C01136 /* Models */,
				B58D239A2B47FDB000C01136 /* Screens */,
				B58D239E2B47FE1E00C01136 /* Components */,
				B58D239C2B47FDD500C01136 /* Extensions */,
				B58D23982B47FD8100C01136 /* Resources */,
				B58D238D2B47FBE600C01136 /* Preview Content */,
			);
			path = Collaboration_MovieTrackerApp;
			sourceTree = "<group>";
		};
		B58D238D2B47FBE600C01136 /* Preview Content */ = {
			isa = PBXGroup;
			children = (
				B58D238E2B47FBE600C01136 /* Preview Assets.xcassets */,
			);
			path = "Preview Content";
			sourceTree = "<group>";
		};
		B58D23982B47FD8100C01136 /* Resources */ = {
			isa = PBXGroup;
			children = (
				B58D238B2B47FBE600C01136 /* Assets.xcassets */,
			);
			path = Resources;
			sourceTree = "<group>";
		};
		B58D23992B47FD8C00C01136 /* App */ = {
			isa = PBXGroup;
			children = (
				B58D23872B47FBE300C01136 /* Collaboration_MovieTrackerAppApp.swift */,
			);
			path = App;
			sourceTree = "<group>";
		};
		B58D239A2B47FDB000C01136 /* Screens */ = {
			isa = PBXGroup;
			children = (
				B58D23C22B48015700C01136 /* TabBar */,
				B58D23B32B47FFF300C01136 /* PopularMovies */,
				B58D23B42B47FFFF00C01136 /* PopularPersons */,
				B58D23B52B48001800C01136 /* PopularTVSeries */,
				B58D23B62B48002300C01136 /* MoviesInCinema */,
				B58D23B72B48003200C01136 /* TVSeriesOnAir */,
			);
			path = Screens;
			sourceTree = "<group>";
		};
		B58D239B2B47FDC100C01136 /* Models */ = {
			isa = PBXGroup;
			children = (
				B58D23B82B48005300C01136 /* MovieModel.swift */,
				B58D23BA2B48005F00C01136 /* PersonModel.swift */,
				B58D23BC2B48006E00C01136 /* TVSeriesModel.swift */,
				B58D23BE2B48007B00C01136 /* MoviesInCinemaModel.swift */,
				B58D23C02B48009000C01136 /* TVSeriesOnAirModel.swift */,
			);
			path = Models;
			sourceTree = "<group>";
		};
		B58D239C2B47FDD500C01136 /* Extensions */ = {
			isa = PBXGroup;
			children = (
				B53BAA0A2B4819920082278E /* AppColorExtension.swift */,
			);
			path = Extensions;
			sourceTree = "<group>";
		};
		B58D239E2B47FE1E00C01136 /* Components */ = {
			isa = PBXGroup;
			children = (
				B53BAA162B4828E30082278E /* ListRowView.swift */,
			);
			path = Components;
			sourceTree = "<group>";
		};
		B58D23B32B47FFF300C01136 /* PopularMovies */ = {
			isa = PBXGroup;
			children = (
				B58D23C72B48125300C01136 /* MainView */,
				B58D23C82B48126000C01136 /* DetailsView */,
			);
			path = PopularMovies;
			sourceTree = "<group>";
		};
		B58D23B42B47FFFF00C01136 /* PopularPersons */ = {
			isa = PBXGroup;
			children = (
				B58D23C92B48136600C01136 /* MainView */,
				B58D23CD2B48139800C01136 /* DetailsView */,
			);
			path = PopularPersons;
			sourceTree = "<group>";
		};
		B58D23B52B48001800C01136 /* PopularTVSeries */ = {
			isa = PBXGroup;
			children = (
				B58D23CA2B48137000C01136 /* MainView */,
				B53BAA072B4818750082278E /* DetailsView */,
			);
			path = PopularTVSeries;
			sourceTree = "<group>";
		};
		B58D23B62B48002300C01136 /* MoviesInCinema */ = {
			isa = PBXGroup;
			children = (
				B58D23CB2B48138100C01136 /* MainView */,
				B58D23D02B48179300C01136 /* DetailsView */,
			);
			path = MoviesInCinema;
			sourceTree = "<group>";
		};
		B58D23B72B48003200C01136 /* TVSeriesOnAir */ = {
			isa = PBXGroup;
			children = (
				B58D23CC2B48138900C01136 /* MainView */,
				B58D23D32B4817D700C01136 /* DetailsView */,
			);
			path = TVSeriesOnAir;
			sourceTree = "<group>";
		};
		B58D23C22B48015700C01136 /* TabBar */ = {
			isa = PBXGroup;
			children = (
				B58D23C32B4801C300C01136 /* MovieTrackerTabView.swift */,
			);
			path = TabBar;
			sourceTree = "<group>";
		};
		B58D23C72B48125300C01136 /* MainView */ = {
			isa = PBXGroup;
			children = (
				B58D239F2B47FEB600C01136 /* PopularMoviesView.swift */,
				B58D23A92B47FFAA00C01136 /* PopularMoviesViewModel.swift */,
			);
			path = MainView;
			sourceTree = "<group>";
		};
		B58D23C82B48126000C01136 /* DetailsView */ = {
			isa = PBXGroup;
			children = (
				B58D23C52B4811CE00C01136 /* PopularMoviesDetailsView.swift */,
				B53BAA0C2B481B790082278E /* PopularMoviesDetailsViewModel.swift */,
			);
			path = DetailsView;
			sourceTree = "<group>";
		};
		B58D23C92B48136600C01136 /* MainView */ = {
			isa = PBXGroup;
			children = (
				B58D23A12B47FECE00C01136 /* PopularPersonsView.swift */,
				B58D23AB2B47FFB600C01136 /* PopularPersonsViewModel.swift */,
			);
			path = MainView;
			sourceTree = "<group>";
		};
		B58D23CA2B48137000C01136 /* MainView */ = {
			isa = PBXGroup;
			children = (
				B58D23A32B47FEDF00C01136 /* PopularTVSeriesView.swift */,
				B58D23AD2B47FFCB00C01136 /* PopularTVSeriesViewModel.swift */,
			);
			path = MainView;
			sourceTree = "<group>";
		};
		B58D23CB2B48138100C01136 /* MainView */ = {
			isa = PBXGroup;
			children = (
				B58D23A52B47FEEE00C01136 /* MoviesInCinemaView.swift */,
				B58D23AF2B47FFD600C01136 /* MoviesInCinemaViewModel.swift */,
			);
			path = MainView;
			sourceTree = "<group>";
		};
		B58D23CC2B48138900C01136 /* MainView */ = {
			isa = PBXGroup;
			children = (
				B58D23A72B47FEFE00C01136 /* TVSeriesOnAirView .swift */,
				B58D23B12B47FFE000C01136 /* TVSeriesOnAirViewModel.swift */,
			);
			path = MainView;
			sourceTree = "<group>";
		};
		B58D23CD2B48139800C01136 /* DetailsView */ = {
			isa = PBXGroup;
			children = (
				B58D23CE2B4813BD00C01136 /* PopularPersonsDetailsView.swift */,
				B53BAA0E2B481B940082278E /* PopularPersonsDetailsViewModel.swift */,
			);
			path = DetailsView;
			sourceTree = "<group>";
		};
		B58D23D02B48179300C01136 /* DetailsView */ = {
			isa = PBXGroup;
			children = (
				B58D23D12B4817C100C01136 /* MoviesInCinemaDetailsView.swift */,
				B53BAA122B481BB40082278E /* MoviesInCinemaDetailsViewModel.swift */,
			);
			path = DetailsView;
			sourceTree = "<group>";
		};
		B58D23D32B4817D700C01136 /* DetailsView */ = {
			isa = PBXGroup;
			children = (
				B53BAA052B48182F0082278E /* TVSeriesOnAirDetailsView .swift */,
				B53BAA142B481BC60082278E /* TVSeriesOnAirDetailsViewModel.swift */,
			);
			path = DetailsView;
			sourceTree = "<group>";
		};
/* End PBXGroup section */

/* Begin PBXNativeTarget section */
		B58D23832B47FBE300C01136 /* Collaboration_MovieTrackerApp */ = {
			isa = PBXNativeTarget;
			buildConfigurationList = B58D23922B47FBE600C01136 /* Build configuration list for PBXNativeTarget "Collaboration_MovieTrackerApp" */;
			buildPhases = (
				B58D23802B47FBE300C01136 /* Sources */,
				B58D23812B47FBE300C01136 /* Frameworks */,
				B58D23822B47FBE300C01136 /* Resources */,
			);
			buildRules = (
			);
			dependencies = (
			);
			name = Collaboration_MovieTrackerApp;
			packageProductDependencies = (
				B58D23962B47FD3F00C01136 /* GenericNetworkManager */,
			);
			productName = Collaboration_MovieTrackerApp;
			productReference = B58D23842B47FBE300C01136 /* Collaboration_MovieTrackerApp.app */;
			productType = "com.apple.product-type.application";
		};
/* End PBXNativeTarget section */

/* Begin PBXProject section */
		B58D237C2B47FBE300C01136 /* Project object */ = {
			isa = PBXProject;
			attributes = {
				BuildIndependentTargetsInParallel = 1;
				LastSwiftUpdateCheck = 1500;
				LastUpgradeCheck = 1500;
				TargetAttributes = {
					B58D23832B47FBE300C01136 = {
						CreatedOnToolsVersion = 15.0.1;
					};
				};
			};
			buildConfigurationList = B58D237F2B47FBE300C01136 /* Build configuration list for PBXProject "Collaboration_MovieTrackerApp" */;
			compatibilityVersion = "Xcode 14.0";
			developmentRegion = en;
			hasScannedForEncodings = 0;
			knownRegions = (
				en,
				Base,
			);
			mainGroup = B58D237B2B47FBE300C01136;
			packageReferences = (
				B58D23952B47FD3F00C01136 /* XCRemoteSwiftPackageReference "GenericNetworkManager" */,
			);
			productRefGroup = B58D23852B47FBE300C01136 /* Products */;
			projectDirPath = "";
			projectRoot = "";
			targets = (
				B58D23832B47FBE300C01136 /* Collaboration_MovieTrackerApp */,
			);
		};
/* End PBXProject section */

/* Begin PBXResourcesBuildPhase section */
		B58D23822B47FBE300C01136 /* Resources */ = {
			isa = PBXResourcesBuildPhase;
			buildActionMask = 2147483647;
			files = (
				B58D238F2B47FBE600C01136 /* Preview Assets.xcassets in Resources */,
				B58D238C2B47FBE600C01136 /* Assets.xcassets in Resources */,
			);
			runOnlyForDeploymentPostprocessing = 0;
		};
/* End PBXResourcesBuildPhase section */

/* Begin PBXSourcesBuildPhase section */
		B58D23802B47FBE300C01136 /* Sources */ = {
			isa = PBXSourcesBuildPhase;
			buildActionMask = 2147483647;
			files = (
				B58D23A82B47FEFE00C01136 /* TVSeriesOnAirView .swift in Sources */,
				B58D23AC2B47FFB600C01136 /* PopularPersonsViewModel.swift in Sources */,
				B58D23C12B48009000C01136 /* TVSeriesOnAirModel.swift in Sources */,
				B58D23A22B47FECE00C01136 /* PopularPersonsView.swift in Sources */,
				B58D23B02B47FFD600C01136 /* MoviesInCinemaViewModel.swift in Sources */,
				B53BAA062B48182F0082278E /* TVSeriesOnAirDetailsView .swift in Sources */,
				B53BAA172B4828E30082278E /* ListRowView.swift in Sources */,
				B53BAA0F2B481B940082278E /* PopularPersonsDetailsViewModel.swift in Sources */,
				B58D23B22B47FFE000C01136 /* TVSeriesOnAirViewModel.swift in Sources */,
				B58D23A62B47FEEE00C01136 /* MoviesInCinemaView.swift in Sources */,
				B58D23B92B48005300C01136 /* MovieModel.swift in Sources */,
				B58D23C42B4801C300C01136 /* MovieTrackerTabView.swift in Sources */,
				B58D23BB2B48005F00C01136 /* PersonModel.swift in Sources */,
				B58D23BF2B48007B00C01136 /* MoviesInCinemaModel.swift in Sources */,
				B58D23AA2B47FFAA00C01136 /* PopularMoviesViewModel.swift in Sources */,
				B58D23CF2B4813BD00C01136 /* PopularPersonsDetailsView.swift in Sources */,
				B53BAA092B48188A0082278E /* PopularTVSeriesDetailsView.swift in Sources */,
				B58D23882B47FBE300C01136 /* Collaboration_MovieTrackerAppApp.swift in Sources */,
				B58D23D22B4817C200C01136 /* MoviesInCinemaDetailsView.swift in Sources */,
				B53BAA0B2B4819920082278E /* AppColorExtension.swift in Sources */,
				B58D23A02B47FEB600C01136 /* PopularMoviesView.swift in Sources */,
				B53BAA132B481BB40082278E /* MoviesInCinemaDetailsViewModel.swift in Sources */,
				B58D23C62B4811CE00C01136 /* PopularMoviesDetailsView.swift in Sources */,
				B58D23A42B47FEDF00C01136 /* PopularTVSeriesView.swift in Sources */,
				B53BAA112B481BA70082278E /* PopularTVSeriesDetailsViewModel.swift in Sources */,
				B58D23BD2B48006E00C01136 /* TVSeriesModel.swift in Sources */,
				B53BAA0D2B481B790082278E /* PopularMoviesDetailsViewModel.swift in Sources */,
				B53BAA152B481BC60082278E /* TVSeriesOnAirDetailsViewModel.swift in Sources */,
				B58D23AE2B47FFCB00C01136 /* PopularTVSeriesViewModel.swift in Sources */,
			);
			runOnlyForDeploymentPostprocessing = 0;
		};
/* End PBXSourcesBuildPhase section */

/* Begin XCBuildConfiguration section */
		B58D23902B47FBE600C01136 /* Debug */ = {
			isa = XCBuildConfiguration;
			buildSettings = {
				ALWAYS_SEARCH_USER_PATHS = NO;
				ASSETCATALOG_COMPILER_GENERATE_SWIFT_ASSET_SYMBOL_EXTENSIONS = YES;
				CLANG_ANALYZER_NONNULL = YES;
				CLANG_ANALYZER_NUMBER_OBJECT_CONVERSION = YES_AGGRESSIVE;
				CLANG_CXX_LANGUAGE_STANDARD = "gnu++20";
				CLANG_ENABLE_MODULES = YES;
				CLANG_ENABLE_OBJC_ARC = YES;
				CLANG_ENABLE_OBJC_WEAK = YES;
				CLANG_WARN_BLOCK_CAPTURE_AUTORELEASING = YES;
				CLANG_WARN_BOOL_CONVERSION = YES;
				CLANG_WARN_COMMA = YES;
				CLANG_WARN_CONSTANT_CONVERSION = YES;
				CLANG_WARN_DEPRECATED_OBJC_IMPLEMENTATIONS = YES;
				CLANG_WARN_DIRECT_OBJC_ISA_USAGE = YES_ERROR;
				CLANG_WARN_DOCUMENTATION_COMMENTS = YES;
				CLANG_WARN_EMPTY_BODY = YES;
				CLANG_WARN_ENUM_CONVERSION = YES;
				CLANG_WARN_INFINITE_RECURSION = YES;
				CLANG_WARN_INT_CONVERSION = YES;
				CLANG_WARN_NON_LITERAL_NULL_CONVERSION = YES;
				CLANG_WARN_OBJC_IMPLICIT_RETAIN_SELF = YES;
				CLANG_WARN_OBJC_LITERAL_CONVERSION = YES;
				CLANG_WARN_OBJC_ROOT_CLASS = YES_ERROR;
				CLANG_WARN_QUOTED_INCLUDE_IN_FRAMEWORK_HEADER = YES;
				CLANG_WARN_RANGE_LOOP_ANALYSIS = YES;
				CLANG_WARN_STRICT_PROTOTYPES = YES;
				CLANG_WARN_SUSPICIOUS_MOVE = YES;
				CLANG_WARN_UNGUARDED_AVAILABILITY = YES_AGGRESSIVE;
				CLANG_WARN_UNREACHABLE_CODE = YES;
				CLANG_WARN__DUPLICATE_METHOD_MATCH = YES;
				COPY_PHASE_STRIP = NO;
				DEBUG_INFORMATION_FORMAT = dwarf;
				ENABLE_STRICT_OBJC_MSGSEND = YES;
				ENABLE_TESTABILITY = YES;
				ENABLE_USER_SCRIPT_SANDBOXING = YES;
				GCC_C_LANGUAGE_STANDARD = gnu17;
				GCC_DYNAMIC_NO_PIC = NO;
				GCC_NO_COMMON_BLOCKS = YES;
				GCC_OPTIMIZATION_LEVEL = 0;
				GCC_PREPROCESSOR_DEFINITIONS = (
					"DEBUG=1",
					"$(inherited)",
				);
				GCC_WARN_64_TO_32_BIT_CONVERSION = YES;
				GCC_WARN_ABOUT_RETURN_TYPE = YES_ERROR;
				GCC_WARN_UNDECLARED_SELECTOR = YES;
				GCC_WARN_UNINITIALIZED_AUTOS = YES_AGGRESSIVE;
				GCC_WARN_UNUSED_FUNCTION = YES;
				GCC_WARN_UNUSED_VARIABLE = YES;
				IPHONEOS_DEPLOYMENT_TARGET = 17.0;
				LOCALIZATION_PREFERS_STRING_CATALOGS = YES;
				MTL_ENABLE_DEBUG_INFO = INCLUDE_SOURCE;
				MTL_FAST_MATH = YES;
				ONLY_ACTIVE_ARCH = YES;
				SDKROOT = iphoneos;
				SWIFT_ACTIVE_COMPILATION_CONDITIONS = "DEBUG $(inherited)";
				SWIFT_OPTIMIZATION_LEVEL = "-Onone";
			};
			name = Debug;
		};
		B58D23912B47FBE600C01136 /* Release */ = {
			isa = XCBuildConfiguration;
			buildSettings = {
				ALWAYS_SEARCH_USER_PATHS = NO;
				ASSETCATALOG_COMPILER_GENERATE_SWIFT_ASSET_SYMBOL_EXTENSIONS = YES;
				CLANG_ANALYZER_NONNULL = YES;
				CLANG_ANALYZER_NUMBER_OBJECT_CONVERSION = YES_AGGRESSIVE;
				CLANG_CXX_LANGUAGE_STANDARD = "gnu++20";
				CLANG_ENABLE_MODULES = YES;
				CLANG_ENABLE_OBJC_ARC = YES;
				CLANG_ENABLE_OBJC_WEAK = YES;
				CLANG_WARN_BLOCK_CAPTURE_AUTORELEASING = YES;
				CLANG_WARN_BOOL_CONVERSION = YES;
				CLANG_WARN_COMMA = YES;
				CLANG_WARN_CONSTANT_CONVERSION = YES;
				CLANG_WARN_DEPRECATED_OBJC_IMPLEMENTATIONS = YES;
				CLANG_WARN_DIRECT_OBJC_ISA_USAGE = YES_ERROR;
				CLANG_WARN_DOCUMENTATION_COMMENTS = YES;
				CLANG_WARN_EMPTY_BODY = YES;
				CLANG_WARN_ENUM_CONVERSION = YES;
				CLANG_WARN_INFINITE_RECURSION = YES;
				CLANG_WARN_INT_CONVERSION = YES;
				CLANG_WARN_NON_LITERAL_NULL_CONVERSION = YES;
				CLANG_WARN_OBJC_IMPLICIT_RETAIN_SELF = YES;
				CLANG_WARN_OBJC_LITERAL_CONVERSION = YES;
				CLANG_WARN_OBJC_ROOT_CLASS = YES_ERROR;
				CLANG_WARN_QUOTED_INCLUDE_IN_FRAMEWORK_HEADER = YES;
				CLANG_WARN_RANGE_LOOP_ANALYSIS = YES;
				CLANG_WARN_STRICT_PROTOTYPES = YES;
				CLANG_WARN_SUSPICIOUS_MOVE = YES;
				CLANG_WARN_UNGUARDED_AVAILABILITY = YES_AGGRESSIVE;
				CLANG_WARN_UNREACHABLE_CODE = YES;
				CLANG_WARN__DUPLICATE_METHOD_MATCH = YES;
				COPY_PHASE_STRIP = NO;
				DEBUG_INFORMATION_FORMAT = "dwarf-with-dsym";
				ENABLE_NS_ASSERTIONS = NO;
				ENABLE_STRICT_OBJC_MSGSEND = YES;
				ENABLE_USER_SCRIPT_SANDBOXING = YES;
				GCC_C_LANGUAGE_STANDARD = gnu17;
				GCC_NO_COMMON_BLOCKS = YES;
				GCC_WARN_64_TO_32_BIT_CONVERSION = YES;
				GCC_WARN_ABOUT_RETURN_TYPE = YES_ERROR;
				GCC_WARN_UNDECLARED_SELECTOR = YES;
				GCC_WARN_UNINITIALIZED_AUTOS = YES_AGGRESSIVE;
				GCC_WARN_UNUSED_FUNCTION = YES;
				GCC_WARN_UNUSED_VARIABLE = YES;
				IPHONEOS_DEPLOYMENT_TARGET = 17.0;
				LOCALIZATION_PREFERS_STRING_CATALOGS = YES;
				MTL_ENABLE_DEBUG_INFO = NO;
				MTL_FAST_MATH = YES;
				SDKROOT = iphoneos;
				SWIFT_COMPILATION_MODE = wholemodule;
				VALIDATE_PRODUCT = YES;
			};
			name = Release;
		};
		B58D23932B47FBE600C01136 /* Debug */ = {
			isa = XCBuildConfiguration;
			buildSettings = {
				ASSETCATALOG_COMPILER_APPICON_NAME = AppIcon;
				ASSETCATALOG_COMPILER_GLOBAL_ACCENT_COLOR_NAME = AccentColor;
				CODE_SIGN_STYLE = Automatic;
				CURRENT_PROJECT_VERSION = 1;
				DEVELOPMENT_ASSET_PATHS = "\"Collaboration_MovieTrackerApp/Preview Content\"";
				DEVELOPMENT_TEAM = XSFWJACHHY;
				ENABLE_PREVIEWS = YES;
				GENERATE_INFOPLIST_FILE = YES;
				INFOPLIST_KEY_UIApplicationSceneManifest_Generation = YES;
				INFOPLIST_KEY_UIApplicationSupportsIndirectInputEvents = YES;
				INFOPLIST_KEY_UILaunchScreen_Generation = YES;
				INFOPLIST_KEY_UISupportedInterfaceOrientations_iPad = "UIInterfaceOrientationPortrait UIInterfaceOrientationPortraitUpsideDown UIInterfaceOrientationLandscapeLeft UIInterfaceOrientationLandscapeRight";
				INFOPLIST_KEY_UISupportedInterfaceOrientations_iPhone = "UIInterfaceOrientationPortrait UIInterfaceOrientationLandscapeLeft UIInterfaceOrientationLandscapeRight";
				LD_RUNPATH_SEARCH_PATHS = (
					"$(inherited)",
					"@executable_path/Frameworks",
				);
				MARKETING_VERSION = 1.0;
				PRODUCT_BUNDLE_IDENTIFIER = "com.ekakelenjeridze.Collaboration-MovieTrackerApp";
				PRODUCT_NAME = "$(TARGET_NAME)";
				SWIFT_EMIT_LOC_STRINGS = YES;
				SWIFT_VERSION = 5.0;
				TARGETED_DEVICE_FAMILY = "1,2";
			};
			name = Debug;
		};
		B58D23942B47FBE600C01136 /* Release */ = {
			isa = XCBuildConfiguration;
			buildSettings = {
				ASSETCATALOG_COMPILER_APPICON_NAME = AppIcon;
				ASSETCATALOG_COMPILER_GLOBAL_ACCENT_COLOR_NAME = AccentColor;
				CODE_SIGN_STYLE = Automatic;
				CURRENT_PROJECT_VERSION = 1;
				DEVELOPMENT_ASSET_PATHS = "\"Collaboration_MovieTrackerApp/Preview Content\"";
				DEVELOPMENT_TEAM = XSFWJACHHY;
				ENABLE_PREVIEWS = YES;
				GENERATE_INFOPLIST_FILE = YES;
				INFOPLIST_KEY_UIApplicationSceneManifest_Generation = YES;
				INFOPLIST_KEY_UIApplicationSupportsIndirectInputEvents = YES;
				INFOPLIST_KEY_UILaunchScreen_Generation = YES;
				INFOPLIST_KEY_UISupportedInterfaceOrientations_iPad = "UIInterfaceOrientationPortrait UIInterfaceOrientationPortraitUpsideDown UIInterfaceOrientationLandscapeLeft UIInterfaceOrientationLandscapeRight";
				INFOPLIST_KEY_UISupportedInterfaceOrientations_iPhone = "UIInterfaceOrientationPortrait UIInterfaceOrientationLandscapeLeft UIInterfaceOrientationLandscapeRight";
				LD_RUNPATH_SEARCH_PATHS = (
					"$(inherited)",
					"@executable_path/Frameworks",
				);
				MARKETING_VERSION = 1.0;
				PRODUCT_BUNDLE_IDENTIFIER = "com.ekakelenjeridze.Collaboration-MovieTrackerApp";
				PRODUCT_NAME = "$(TARGET_NAME)";
				SWIFT_EMIT_LOC_STRINGS = YES;
				SWIFT_VERSION = 5.0;
				TARGETED_DEVICE_FAMILY = "1,2";
			};
			name = Release;
		};
/* End XCBuildConfiguration section */

/* Begin XCConfigurationList section */
		B58D237F2B47FBE300C01136 /* Build configuration list for PBXProject "Collaboration_MovieTrackerApp" */ = {
			isa = XCConfigurationList;
			buildConfigurations = (
				B58D23902B47FBE600C01136 /* Debug */,
				B58D23912B47FBE600C01136 /* Release */,
			);
			defaultConfigurationIsVisible = 0;
			defaultConfigurationName = Release;
		};
		B58D23922B47FBE600C01136 /* Build configuration list for PBXNativeTarget "Collaboration_MovieTrackerApp" */ = {
			isa = XCConfigurationList;
			buildConfigurations = (
				B58D23932B47FBE600C01136 /* Debug */,
				B58D23942B47FBE600C01136 /* Release */,
			);
			defaultConfigurationIsVisible = 0;
			defaultConfigurationName = Release;
		};
/* End XCConfigurationList section */

/* Begin XCRemoteSwiftPackageReference section */
		B58D23952B47FD3F00C01136 /* XCRemoteSwiftPackageReference "GenericNetworkManager" */ = {
			isa = XCRemoteSwiftPackageReference;
			repositoryURL = "https://github.com/ekakele/GenericNetworkManager";
			requirement = {
				kind = upToNextMajorVersion;
				minimumVersion = 0.0.3;
			};
		};
/* End XCRemoteSwiftPackageReference section */

/* Begin XCSwiftPackageProductDependency section */
		B58D23962B47FD3F00C01136 /* GenericNetworkManager */ = {
			isa = XCSwiftPackageProductDependency;
			package = B58D23952B47FD3F00C01136 /* XCRemoteSwiftPackageReference "GenericNetworkManager" */;
			productName = GenericNetworkManager;
		};
/* End XCSwiftPackageProductDependency section */
	};
	rootObject = B58D237C2B47FBE300C01136 /* Project object */;
}
